{
  "version": 4,
  "terraform_version": "1.8.4",
  "serial": 173,
  "lineage": "1a2511fc-e187-00e9-a861-8b6407e7f863",
  "outputs": {},
  "resources": [
    {
      "module": "module.eks",
      "mode": "managed",
      "type": "aws_cloudwatch_log_group",
      "name": "log",
      "provider": "provider[\"registry.terraform.io/hashicorp/aws\"]",
      "instances": [
        {
          "schema_version": 0,
          "attributes": {
            "arn": "arn:aws:logs:us-east-1:381492202498:log-group:/aws/eks/mybday-mybday-cluster/cluster",
            "id": "/aws/eks/mybday-mybday-cluster/cluster",
            "kms_key_id": "",
            "log_group_class": "STANDARD",
            "name": "/aws/eks/mybday-mybday-cluster/cluster",
            "name_prefix": "",
            "retention_in_days": 30,
            "skip_destroy": false,
            "tags": null,
            "tags_all": {}
          },
          "sensitive_attributes": [],
          "private": "bnVsbA=="
        }
      ]
    },
    {
      "module": "module.eks",
      "mode": "managed",
      "type": "aws_eks_cluster",
      "name": "eks-cluster",
      "provider": "provider[\"registry.terraform.io/hashicorp/aws\"]",
      "instances": [
        {
          "schema_version": 0,
          "attributes": {
            "access_config": [
              {
                "authentication_mode": "CONFIG_MAP",
                "bootstrap_cluster_creator_admin_permissions": false
              }
            ],
            "arn": "arn:aws:eks:us-east-1:381492202498:cluster/mybday-mybday-cluster",
            "certificate_authority": [
              {
                "data": "LS0tLS1CRUdJTiBDRVJUSUZJQ0FURS0tLS0tCk1JSURCVENDQWUyZ0F3SUJBZ0lJVXNDU3pOVDNCcHN3RFFZSktvWklodmNOQVFFTEJRQXdGVEVUTUJFR0ExVUUKQXhNS2EzVmlaWEp1WlhSbGN6QWVGdzB5TkRBMU1qa3hOakE1TVRSYUZ3MHpOREExTWpjeE5qRTBNVFJhTUJVeApFekFSQmdOVkJBTVRDbXQxWW1WeWJtVjBaWE13Z2dFaU1BMEdDU3FHU0liM0RRRUJBUVVBQTRJQkR3QXdnZ0VLCkFvSUJBUURMU1V3b1ZkNnRKU1BMMlVTS1JaOTh3L3hJdmZqVlIyNWVIMVp6bysrWUg4NjBsRDUyakI2UGJKYkUKYmZzR2doTWlkUWJwMTFjUUU5bkxBT09jMkZkREFSKzZWOWdYczc0ZWFNWlNHOUF1ODJUU3lkWkhjQzVZejBMWQo3WDY3QXM0clBOWDNqMHFYcGZicERYTU1mVWh5U3JXNkdLa1VZVnVOU3U4TXVJZ2lRRXFKZkExNkV6Umk3NkNQCkVmckxJQWtWZmpkUERQNWlZMXlHVDhBcCtKZlpxTkkvNlFaa1p3OW02MjJKTS9DUmd4WUdwTHlUUGZFVFQrYmkKWjFXVjh4SEhUeUx3OGlGSCtkTVlCV21iWVFUUjZHaWZrd3ZKTSt3ejFXVStVY0tmejBkNW9JTTlkdFdmZWxtQwpVY210N0tYZDQ3SFN6TGJFVEtsMXlVMWZmWFFkQWdNQkFBR2pXVEJYTUE0R0ExVWREd0VCL3dRRUF3SUNwREFQCkJnTlZIUk1CQWY4RUJUQURBUUgvTUIwR0ExVWREZ1FXQkJRS0tTVjRLRVBkZDYrY1o0T2RncjlwRUk4NXVqQVYKQmdOVkhSRUVEakFNZ2dwcmRXSmxjbTVsZEdWek1BMEdDU3FHU0liM0RRRUJDd1VBQTRJQkFRQXpRUlRGRzlYQwpIWnZpMjNDTUVqY0ZOam4yL0xNdUhxaEpMMzVPYVU4VVZmRFJvblpVNXZLNThxU3RyWXFMUld0Nk10UHpKQjJiCjI4VGlKTHRBcEt1dDJYS1dNVmkyN2FmWG5nYlNkc21VRW9rRkRyZEE5ZUN0YTg2Wld6MmNDeUwrd3ZIbGwyUkIKcU1DQlRDeUhXdWx1U0h0dXNvTkpqaEJGQ0RwNE5Pc0o2RmhqWVVSYi9vSEV5Wjg2YXFhRjc5c2EzcEd3YWhHUAo0WUk0dUpaTVNGa2s0N2F6a1NtdENZVWpsM2ZTOW9qQWx5Q0NIMlBvZ1l3YU5zdER2QU40SHY3TGxxcVhGNGhuClJTV2tvN1VjSXZXUjdzMWFkTHJHQ3hvNndKY29KeDhhQ2NjckNSMWRKdGtkMU1Hd3JJRGdNeUF6cHZUNmg1S04KcVVPbTg2ODJ1ajFVCi0tLS0tRU5EIENFUlRJRklDQVRFLS0tLS0K"
              }
            ],
            "cluster_id": null,
            "created_at": "2024-05-29 16:09:10.796 +0000 UTC",
            "enabled_cluster_log_types": [
              "api",
              "audit"
            ],
            "encryption_config": [],
            "endpoint": "https://79F858E5A1671C8C4F86E9BB7E08AB93.gr7.us-east-1.eks.amazonaws.com",
            "id": "mybday-mybday-cluster",
            "identity": [
              {
                "oidc": [
                  {
                    "issuer": "https://oidc.eks.us-east-1.amazonaws.com/id/79F858E5A1671C8C4F86E9BB7E08AB93"
                  }
                ]
              }
            ],
            "kubernetes_network_config": [
              {
                "ip_family": "ipv4",
                "service_ipv4_cidr": "172.20.0.0/16",
                "service_ipv6_cidr": ""
              }
            ],
            "name": "mybday-mybday-cluster",
            "outpost_config": [],
            "platform_version": "eks.7",
            "role_arn": "arn:aws:iam::381492202498:role/mybday-mybday-cluster-role",
            "status": "ACTIVE",
            "tags": null,
            "tags_all": {},
            "timeouts": null,
            "version": "1.29",
            "vpc_config": [
              {
                "cluster_security_group_id": "sg-05b41a2f1b10e4672",
                "endpoint_private_access": false,
                "endpoint_public_access": true,
                "public_access_cidrs": [
                  "0.0.0.0/0"
                ],
                "security_group_ids": [
                  "sg-0c3cb389bff077809"
                ],
                "subnet_ids": [
                  "subnet-0852e7a8d7c5e8981",
                  "subnet-0f1fc583f75b7ff9d"
                ],
                "vpc_id": "vpc-083e7a844007e290d"
              }
            ]
          },
          "sensitive_attributes": [],
          "private": "eyJlMmJmYjczMC1lY2FhLTExZTYtOGY4OC0zNDM2M2JjN2M0YzAiOnsiY3JlYXRlIjoxODAwMDAwMDAwMDAwLCJkZWxldGUiOjkwMDAwMDAwMDAwMCwidXBkYXRlIjozNjAwMDAwMDAwMDAwfX0=",
          "dependencies": [
            "module.eks.aws_cloudwatch_log_group.log",
            "module.eks.aws_iam_role.cluster-iam-role",
            "module.eks.aws_iam_role_policy_attachment.cluster-AmazonEKSClusterPolicy",
            "module.eks.aws_iam_role_policy_attachment.cluster-AmazonEKSVPCResourceController",
            "module.eks.aws_security_group.security-group",
            "module.vpc.aws_subnet.subnets",
            "module.vpc.aws_vpc.main-vpc",
            "module.vpc.data.aws_availability_zones.available"
          ]
        }
      ]
    },
    {
      "module": "module.eks",
      "mode": "managed",
      "type": "aws_eks_node_group",
      "name": "node-1",
      "provider": "provider[\"registry.terraform.io/hashicorp/aws\"]",
      "instances": [
        {
          "schema_version": 0,
          "attributes": {
            "ami_type": "AL2_x86_64",
            "arn": "arn:aws:eks:us-east-1:381492202498:nodegroup/mybday-mybday-cluster/node-1/36c7e292-4d50-53c1-aafe-55902480ab04",
            "capacity_type": "ON_DEMAND",
            "cluster_name": "mybday-mybday-cluster",
            "disk_size": 20,
            "force_update_version": null,
            "id": "mybday-mybday-cluster:node-1",
            "instance_types": [
              "t2.micro"
            ],
            "labels": null,
            "launch_template": [],
            "node_group_name": "node-1",
            "node_group_name_prefix": "",
            "node_role_arn": "arn:aws:iam::381492202498:role/mybday-mybday-cluster-node-role",
            "release_version": "1.29.3-20240514",
            "remote_access": [],
            "resources": [
              {
                "autoscaling_groups": [
                  {
                    "name": "eks-node-1-36c7e292-4d50-53c1-aafe-55902480ab04"
                  }
                ],
                "remote_access_security_group_id": ""
              }
            ],
            "scaling_config": [
              {
                "desired_size": 2,
                "max_size": 4,
                "min_size": 2
              }
            ],
            "status": "ACTIVE",
            "subnet_ids": [
              "subnet-0852e7a8d7c5e8981",
              "subnet-0f1fc583f75b7ff9d"
            ],
            "tags": null,
            "tags_all": {},
            "taint": [],
            "timeouts": null,
            "update_config": [
              {
                "max_unavailable": 1,
                "max_unavailable_percentage": 0
              }
            ],
            "version": "1.29"
          },
          "sensitive_attributes": [],
          "private": "eyJlMmJmYjczMC1lY2FhLTExZTYtOGY4OC0zNDM2M2JjN2M0YzAiOnsiY3JlYXRlIjozNjAwMDAwMDAwMDAwLCJkZWxldGUiOjM2MDAwMDAwMDAwMDAsInVwZGF0ZSI6MzYwMDAwMDAwMDAwMH19",
          "dependencies": [
            "module.eks.aws_cloudwatch_log_group.log",
            "module.eks.aws_eks_cluster.eks-cluster",
            "module.eks.aws_iam_role.cluster-iam-role",
            "module.eks.aws_iam_role.node-iam-role",
            "module.eks.aws_iam_role_policy_attachment.cluster-AmazonEKSClusterPolicy",
            "module.eks.aws_iam_role_policy_attachment.cluster-AmazonEKSVPCResourceController",
            "module.eks.aws_iam_role_policy_attachment.node-AmazonEC2ContainerRegistryReadOnly",
            "module.eks.aws_iam_role_policy_attachment.node-AmazonEKSWorkerNodePolicy",
            "module.eks.aws_iam_role_policy_attachment.node-AmazonEKS_CNI_Policy",
            "module.eks.aws_security_group.security-group",
            "module.vpc.aws_subnet.subnets",
            "module.vpc.aws_vpc.main-vpc",
            "module.vpc.data.aws_availability_zones.available"
          ]
        }
      ]
    },
    {
      "module": "module.eks",
      "mode": "managed",
      "type": "aws_iam_role",
      "name": "cluster-iam-role",
      "provider": "provider[\"registry.terraform.io/hashicorp/aws\"]",
      "instances": [
        {
          "schema_version": 0,
          "attributes": {
            "arn": "arn:aws:iam::381492202498:role/mybday-mybday-cluster-role",
            "assume_role_policy": "{\"Statement\":[{\"Action\":\"sts:AssumeRole\",\"Effect\":\"Allow\",\"Principal\":{\"Service\":\"eks.amazonaws.com\"}}],\"Version\":\"2012-10-17\"}",
            "create_date": "2024-05-29T16:08:54Z",
            "description": "",
            "force_detach_policies": false,
            "id": "mybday-mybday-cluster-role",
            "inline_policy": [],
            "managed_policy_arns": [],
            "max_session_duration": 3600,
            "name": "mybday-mybday-cluster-role",
            "name_prefix": "",
            "path": "/",
            "permissions_boundary": "",
            "tags": null,
            "tags_all": {},
            "unique_id": "AROAVRUVVBQBDDPKFL2P2"
          },
          "sensitive_attributes": [],
          "private": "bnVsbA=="
        }
      ]
    },
    {
      "module": "module.eks",
      "mode": "managed",
      "type": "aws_iam_role",
      "name": "node-iam-role",
      "provider": "provider[\"registry.terraform.io/hashicorp/aws\"]",
      "instances": [
        {
          "schema_version": 0,
          "attributes": {
            "arn": "arn:aws:iam::381492202498:role/mybday-mybday-cluster-node-role",
            "assume_role_policy": "{\"Statement\":[{\"Action\":\"sts:AssumeRole\",\"Effect\":\"Allow\",\"Principal\":{\"Service\":\"ec2.amazonaws.com\"}}],\"Version\":\"2012-10-17\"}",
            "create_date": "2024-05-29T16:08:54Z",
            "description": "",
            "force_detach_policies": false,
            "id": "mybday-mybday-cluster-node-role",
            "inline_policy": [],
            "managed_policy_arns": [],
            "max_session_duration": 3600,
            "name": "mybday-mybday-cluster-node-role",
            "name_prefix": "",
            "path": "/",
            "permissions_boundary": "",
            "tags": null,
            "tags_all": {},
            "unique_id": "AROAVRUVVBQBA3VAWXBKH"
          },
          "sensitive_attributes": [],
          "private": "bnVsbA=="
        }
      ]
    },
    {
      "module": "module.eks",
      "mode": "managed",
      "type": "aws_iam_role_policy_attachment",
      "name": "cluster-AmazonEKSClusterPolicy",
      "provider": "provider[\"registry.terraform.io/hashicorp/aws\"]",
      "instances": [
        {
          "schema_version": 0,
          "attributes": {
            "id": "mybday-mybday-cluster-role-20240529160854093100000004",
            "policy_arn": "arn:aws:iam::aws:policy/AmazonEKSClusterPolicy",
            "role": "mybday-mybday-cluster-role"
          },
          "sensitive_attributes": [],
          "private": "bnVsbA==",
          "dependencies": [
            "module.eks.aws_iam_role.cluster-iam-role"
          ]
        }
      ]
    },
    {
      "module": "module.eks",
      "mode": "managed",
      "type": "aws_iam_role_policy_attachment",
      "name": "cluster-AmazonEKSVPCResourceController",
      "provider": "provider[\"registry.terraform.io/hashicorp/aws\"]",
      "instances": [
        {
          "schema_version": 0,
          "attributes": {
            "id": "mybday-mybday-cluster-role-20240529160854219500000005",
            "policy_arn": "arn:aws:iam::aws:policy/AmazonEKSVPCResourceController",
            "role": "mybday-mybday-cluster-role"
          },
          "sensitive_attributes": [],
          "private": "bnVsbA==",
          "dependencies": [
            "module.eks.aws_iam_role.cluster-iam-role"
          ]
        }
      ]
    },
    {
      "module": "module.eks",
      "mode": "managed",
      "type": "aws_iam_role_policy_attachment",
      "name": "node-AmazonEC2ContainerRegistryReadOnly",
      "provider": "provider[\"registry.terraform.io/hashicorp/aws\"]",
      "instances": [
        {
          "schema_version": 0,
          "attributes": {
            "id": "mybday-mybday-cluster-node-role-20240529160853844400000002",
            "policy_arn": "arn:aws:iam::aws:policy/AmazonEC2ContainerRegistryReadOnly",
            "role": "mybday-mybday-cluster-node-role"
          },
          "sensitive_attributes": [],
          "private": "bnVsbA==",
          "dependencies": [
            "module.eks.aws_iam_role.node-iam-role"
          ]
        }
      ]
    },
    {
      "module": "module.eks",
      "mode": "managed",
      "type": "aws_iam_role_policy_attachment",
      "name": "node-AmazonEKSWorkerNodePolicy",
      "provider": "provider[\"registry.terraform.io/hashicorp/aws\"]",
      "instances": [
        {
          "schema_version": 0,
          "attributes": {
            "id": "mybday-mybday-cluster-node-role-20240529160854001500000003",
            "policy_arn": "arn:aws:iam::aws:policy/AmazonEKSWorkerNodePolicy",
            "role": "mybday-mybday-cluster-node-role"
          },
          "sensitive_attributes": [],
          "private": "bnVsbA==",
          "dependencies": [
            "module.eks.aws_iam_role.node-iam-role"
          ]
        }
      ]
    },
    {
      "module": "module.eks",
      "mode": "managed",
      "type": "aws_iam_role_policy_attachment",
      "name": "node-AmazonEKS_CNI_Policy",
      "provider": "provider[\"registry.terraform.io/hashicorp/aws\"]",
      "instances": [
        {
          "schema_version": 0,
          "attributes": {
            "id": "mybday-mybday-cluster-node-role-20240529160853779000000001",
            "policy_arn": "arn:aws:iam::aws:policy/AmazonEKS_CNI_Policy",
            "role": "mybday-mybday-cluster-node-role"
          },
          "sensitive_attributes": [],
          "private": "bnVsbA==",
          "dependencies": [
            "module.eks.aws_iam_role.node-iam-role"
          ]
        }
      ]
    },
    {
      "module": "module.eks",
      "mode": "managed",
      "type": "aws_security_group",
      "name": "security-group",
      "provider": "provider[\"registry.terraform.io/hashicorp/aws\"]",
      "instances": [
        {
          "schema_version": 1,
          "attributes": {
            "arn": "arn:aws:ec2:us-east-1:381492202498:security-group/sg-0c3cb389bff077809",
            "description": "Managed by Terraform",
            "egress": [
              {
                "cidr_blocks": [
                  "0.0.0.0/0"
                ],
                "description": "",
                "from_port": 0,
                "ipv6_cidr_blocks": [],
                "prefix_list_ids": [],
                "protocol": "-1",
                "security_groups": [],
                "self": false,
                "to_port": 0
              }
            ],
            "id": "sg-0c3cb389bff077809",
            "ingress": [],
            "name": "terraform-20240529160855128100000006",
            "name_prefix": "terraform-",
            "owner_id": "381492202498",
            "revoke_rules_on_delete": false,
            "tags": {
              "Name": "mybday-sg"
            },
            "tags_all": {
              "Name": "mybday-sg"
            },
            "timeouts": null,
            "vpc_id": "vpc-083e7a844007e290d"
          },
          "sensitive_attributes": [],
          "private": "eyJlMmJmYjczMC1lY2FhLTExZTYtOGY4OC0zNDM2M2JjN2M0YzAiOnsiY3JlYXRlIjo2MDAwMDAwMDAwMDAsImRlbGV0ZSI6OTAwMDAwMDAwMDAwfSwic2NoZW1hX3ZlcnNpb24iOiIxIn0=",
          "dependencies": [
            "module.vpc.aws_vpc.main-vpc"
          ]
        }
      ]
    },
    {
      "module": "module.eks",
      "mode": "managed",
      "type": "local_file",
      "name": "kubeconfig",
      "provider": "provider[\"registry.terraform.io/hashicorp/local\"]",
      "instances": [
        {
          "schema_version": 0,
          "attributes": {
            "content": "apiVersion: v1\nclusters:\n- cluster:\n    server: https://79F858E5A1671C8C4F86E9BB7E08AB93.gr7.us-east-1.eks.amazonaws.com\n    certificate-authority-data: LS0tLS1CRUdJTiBDRVJUSUZJQ0FURS0tLS0tCk1JSURCVENDQWUyZ0F3SUJBZ0lJVXNDU3pOVDNCcHN3RFFZSktvWklodmNOQVFFTEJRQXdGVEVUTUJFR0ExVUUKQXhNS2EzVmlaWEp1WlhSbGN6QWVGdzB5TkRBMU1qa3hOakE1TVRSYUZ3MHpOREExTWpjeE5qRTBNVFJhTUJVeApFekFSQmdOVkJBTVRDbXQxWW1WeWJtVjBaWE13Z2dFaU1BMEdDU3FHU0liM0RRRUJBUVVBQTRJQkR3QXdnZ0VLCkFvSUJBUURMU1V3b1ZkNnRKU1BMMlVTS1JaOTh3L3hJdmZqVlIyNWVIMVp6bysrWUg4NjBsRDUyakI2UGJKYkUKYmZzR2doTWlkUWJwMTFjUUU5bkxBT09jMkZkREFSKzZWOWdYczc0ZWFNWlNHOUF1ODJUU3lkWkhjQzVZejBMWQo3WDY3QXM0clBOWDNqMHFYcGZicERYTU1mVWh5U3JXNkdLa1VZVnVOU3U4TXVJZ2lRRXFKZkExNkV6Umk3NkNQCkVmckxJQWtWZmpkUERQNWlZMXlHVDhBcCtKZlpxTkkvNlFaa1p3OW02MjJKTS9DUmd4WUdwTHlUUGZFVFQrYmkKWjFXVjh4SEhUeUx3OGlGSCtkTVlCV21iWVFUUjZHaWZrd3ZKTSt3ejFXVStVY0tmejBkNW9JTTlkdFdmZWxtQwpVY210N0tYZDQ3SFN6TGJFVEtsMXlVMWZmWFFkQWdNQkFBR2pXVEJYTUE0R0ExVWREd0VCL3dRRUF3SUNwREFQCkJnTlZIUk1CQWY4RUJUQURBUUgvTUIwR0ExVWREZ1FXQkJRS0tTVjRLRVBkZDYrY1o0T2RncjlwRUk4NXVqQVYKQmdOVkhSRUVEakFNZ2dwcmRXSmxjbTVsZEdWek1BMEdDU3FHU0liM0RRRUJDd1VBQTRJQkFRQXpRUlRGRzlYQwpIWnZpMjNDTUVqY0ZOam4yL0xNdUhxaEpMMzVPYVU4VVZmRFJvblpVNXZLNThxU3RyWXFMUld0Nk10UHpKQjJiCjI4VGlKTHRBcEt1dDJYS1dNVmkyN2FmWG5nYlNkc21VRW9rRkRyZEE5ZUN0YTg2Wld6MmNDeUwrd3ZIbGwyUkIKcU1DQlRDeUhXdWx1U0h0dXNvTkpqaEJGQ0RwNE5Pc0o2RmhqWVVSYi9vSEV5Wjg2YXFhRjc5c2EzcEd3YWhHUAo0WUk0dUpaTVNGa2s0N2F6a1NtdENZVWpsM2ZTOW9qQWx5Q0NIMlBvZ1l3YU5zdER2QU40SHY3TGxxcVhGNGhuClJTV2tvN1VjSXZXUjdzMWFkTHJHQ3hvNndKY29KeDhhQ2NjckNSMWRKdGtkMU1Hd3JJRGdNeUF6cHZUNmg1S04KcVVPbTg2ODJ1ajFVCi0tLS0tRU5EIENFUlRJRklDQVRFLS0tLS0K\n  name: kubernetes\ncontexts:\n- context:\n    cluster: kubernetes\n    user: \"mybday-mybday-cluster\"\n  name: \"mybday-mybday-cluster\"\ncurrent-context: \"mybday-mybday-cluster\"\nkind: Config\npreferences: {}\nusers:\n- name: \"mybday-mybday-cluster\"\n  user:\n    exec:\n      apiVersion: client.authentication.k8s.io/v1alpha1\n      command: aws-iam-authenticator\n      args:\n        - \"token\"\n        - \"-i\"\n        - \"mybday-mybday-cluster\"\n",
            "content_base64": null,
            "content_base64sha256": "xjY/4gaIf3APAWBp9OcXjFg+YDSbX3eWz0+jJKoeDA4=",
            "content_base64sha512": "j1H+WkcnPQQVOEr3jIo0WKT5WDIgsd5iFj8HWOyA61aMf/T0WD37wUx168SiH5iJHzwdFXPu0g08d4sTjshYZQ==",
            "content_md5": "15d8eeaa07eb4196e873c1daa4c3adc5",
            "content_sha1": "7f60721ee58c08082ee5e00fdc6c3ea74976c3cf",
            "content_sha256": "c6363fe206887f700f016069f4e7178c583e60349b5f7796cf4fa324aa1e0c0e",
            "content_sha512": "8f51fe5a47273d0415384af78c8a3458a4f9583220b1de62163f0758ec80eb568c7ff4f4583dfbc14c75ebc4a21f98891f3c1d1573eed20d3c778b138ec85865",
            "directory_permission": "0777",
            "file_permission": "0777",
            "filename": "kubeconfig",
            "id": "7f60721ee58c08082ee5e00fdc6c3ea74976c3cf",
            "sensitive_content": null,
            "source": null
          },
          "sensitive_attributes": [
            [
              {
                "type": "get_attr",
                "value": "sensitive_content"
              }
            ]
          ],
          "dependencies": [
            "module.eks.aws_cloudwatch_log_group.log",
            "module.eks.aws_eks_cluster.eks-cluster",
            "module.eks.aws_iam_role.cluster-iam-role",
            "module.eks.aws_iam_role_policy_attachment.cluster-AmazonEKSClusterPolicy",
            "module.eks.aws_iam_role_policy_attachment.cluster-AmazonEKSVPCResourceController",
            "module.eks.aws_security_group.security-group",
            "module.vpc.aws_subnet.subnets",
            "module.vpc.aws_vpc.main-vpc",
            "module.vpc.data.aws_availability_zones.available"
          ]
        }
      ]
    },
    {
      "module": "module.vpc",
      "mode": "data",
      "type": "aws_availability_zones",
      "name": "available",
      "provider": "provider[\"registry.terraform.io/hashicorp/aws\"]",
      "instances": [
        {
          "schema_version": 0,
          "attributes": {
            "all_availability_zones": null,
            "exclude_names": null,
            "exclude_zone_ids": null,
            "filter": null,
            "group_names": [
              "us-east-1"
            ],
            "id": "us-east-1",
            "names": [
              "us-east-1a",
              "us-east-1b",
              "us-east-1c",
              "us-east-1d",
              "us-east-1e",
              "us-east-1f"
            ],
            "state": null,
            "timeouts": null,
            "zone_ids": [
              "use1-az6",
              "use1-az1",
              "use1-az2",
              "use1-az4",
              "use1-az3",
              "use1-az5"
            ]
          },
          "sensitive_attributes": []
        }
      ]
    },
    {
      "module": "module.vpc",
      "mode": "managed",
      "type": "aws_internet_gateway",
      "name": "new-igw",
      "provider": "provider[\"registry.terraform.io/hashicorp/aws\"]",
      "instances": [
        {
          "schema_version": 0,
          "attributes": {
            "arn": "arn:aws:ec2:us-east-1:381492202498:internet-gateway/igw-04b98b300a2c40432",
            "id": "igw-04b98b300a2c40432",
            "owner_id": "381492202498",
            "tags": {
              "Name": "mybday-igw"
            },
            "tags_all": {
              "Name": "mybday-igw"
            },
            "timeouts": null,
            "vpc_id": "vpc-083e7a844007e290d"
          },
          "sensitive_attributes": [],
          "private": "eyJlMmJmYjczMC1lY2FhLTExZTYtOGY4OC0zNDM2M2JjN2M0YzAiOnsiY3JlYXRlIjoxMjAwMDAwMDAwMDAwLCJkZWxldGUiOjEyMDAwMDAwMDAwMDAsInVwZGF0ZSI6MTIwMDAwMDAwMDAwMH19",
          "dependencies": [
            "module.vpc.aws_vpc.main-vpc"
          ]
        }
      ]
    },
    {
      "module": "module.vpc",
      "mode": "managed",
      "type": "aws_route_table",
      "name": "new-rtb",
      "provider": "provider[\"registry.terraform.io/hashicorp/aws\"]",
      "instances": [
        {
          "schema_version": 0,
          "attributes": {
            "arn": "arn:aws:ec2:us-east-1:381492202498:route-table/rtb-0c70f16be3c5d5f80",
            "id": "rtb-0c70f16be3c5d5f80",
            "owner_id": "381492202498",
            "propagating_vgws": [],
            "route": [
              {
                "carrier_gateway_id": "",
                "cidr_block": "0.0.0.0/0",
                "core_network_arn": "",
                "destination_prefix_list_id": "",
                "egress_only_gateway_id": "",
                "gateway_id": "igw-04b98b300a2c40432",
                "ipv6_cidr_block": "",
                "local_gateway_id": "",
                "nat_gateway_id": "",
                "network_interface_id": "",
                "transit_gateway_id": "",
                "vpc_endpoint_id": "",
                "vpc_peering_connection_id": ""
              }
            ],
            "tags": {
              "Name": "mybday-rtb"
            },
            "tags_all": {
              "Name": "mybday-rtb"
            },
            "timeouts": null,
            "vpc_id": "vpc-083e7a844007e290d"
          },
          "sensitive_attributes": [],
          "private": "eyJlMmJmYjczMC1lY2FhLTExZTYtOGY4OC0zNDM2M2JjN2M0YzAiOnsiY3JlYXRlIjozMDAwMDAwMDAwMDAsImRlbGV0ZSI6MzAwMDAwMDAwMDAwLCJ1cGRhdGUiOjEyMDAwMDAwMDAwMH19",
          "dependencies": [
            "module.vpc.aws_internet_gateway.new-igw",
            "module.vpc.aws_vpc.main-vpc"
          ]
        }
      ]
    },
    {
      "module": "module.vpc",
      "mode": "managed",
      "type": "aws_route_table_association",
      "name": "new-rtb-association",
      "provider": "provider[\"registry.terraform.io/hashicorp/aws\"]",
      "instances": [
        {
          "index_key": 0,
          "schema_version": 0,
          "attributes": {
            "gateway_id": "",
            "id": "rtbassoc-022809615d4bf369b",
            "route_table_id": "rtb-0c70f16be3c5d5f80",
            "subnet_id": "subnet-0852e7a8d7c5e8981",
            "timeouts": null
          },
          "sensitive_attributes": [],
          "private": "eyJlMmJmYjczMC1lY2FhLTExZTYtOGY4OC0zNDM2M2JjN2M0YzAiOnsiY3JlYXRlIjozMDAwMDAwMDAwMDAsImRlbGV0ZSI6MzAwMDAwMDAwMDAwLCJ1cGRhdGUiOjEyMDAwMDAwMDAwMH19",
          "dependencies": [
            "module.vpc.aws_internet_gateway.new-igw",
            "module.vpc.aws_route_table.new-rtb",
            "module.vpc.aws_subnet.subnets",
            "module.vpc.aws_vpc.main-vpc",
            "module.vpc.data.aws_availability_zones.available"
          ]
        },
        {
          "index_key": 1,
          "schema_version": 0,
          "attributes": {
            "gateway_id": "",
            "id": "rtbassoc-0f278eda61fe63da8",
            "route_table_id": "rtb-0c70f16be3c5d5f80",
            "subnet_id": "subnet-0f1fc583f75b7ff9d",
            "timeouts": null
          },
          "sensitive_attributes": [],
          "private": "eyJlMmJmYjczMC1lY2FhLTExZTYtOGY4OC0zNDM2M2JjN2M0YzAiOnsiY3JlYXRlIjozMDAwMDAwMDAwMDAsImRlbGV0ZSI6MzAwMDAwMDAwMDAwLCJ1cGRhdGUiOjEyMDAwMDAwMDAwMH19",
          "dependencies": [
            "module.vpc.aws_internet_gateway.new-igw",
            "module.vpc.aws_route_table.new-rtb",
            "module.vpc.aws_subnet.subnets",
            "module.vpc.aws_vpc.main-vpc",
            "module.vpc.data.aws_availability_zones.available"
          ]
        }
      ]
    },
    {
      "module": "module.vpc",
      "mode": "managed",
      "type": "aws_subnet",
      "name": "subnets",
      "provider": "provider[\"registry.terraform.io/hashicorp/aws\"]",
      "instances": [
        {
          "index_key": 0,
          "schema_version": 1,
          "attributes": {
            "arn": "arn:aws:ec2:us-east-1:381492202498:subnet/subnet-0852e7a8d7c5e8981",
            "assign_ipv6_address_on_creation": false,
            "availability_zone": "us-east-1a",
            "availability_zone_id": "use1-az6",
            "cidr_block": "10.0.0.0/24",
            "customer_owned_ipv4_pool": "",
            "enable_dns64": false,
            "enable_lni_at_device_index": 0,
            "enable_resource_name_dns_a_record_on_launch": false,
            "enable_resource_name_dns_aaaa_record_on_launch": false,
            "id": "subnet-0852e7a8d7c5e8981",
            "ipv6_cidr_block": "",
            "ipv6_cidr_block_association_id": "",
            "ipv6_native": false,
            "map_customer_owned_ip_on_launch": false,
            "map_public_ip_on_launch": true,
            "outpost_arn": "",
            "owner_id": "381492202498",
            "private_dns_hostname_type_on_launch": "ip-name",
            "tags": {
              "Name": "mybday-subnet-0"
            },
            "tags_all": {
              "Name": "mybday-subnet-0"
            },
            "timeouts": null,
            "vpc_id": "vpc-083e7a844007e290d"
          },
          "sensitive_attributes": [],
          "private": "eyJlMmJmYjczMC1lY2FhLTExZTYtOGY4OC0zNDM2M2JjN2M0YzAiOnsiY3JlYXRlIjo2MDAwMDAwMDAwMDAsImRlbGV0ZSI6MTIwMDAwMDAwMDAwMH0sInNjaGVtYV92ZXJzaW9uIjoiMSJ9",
          "dependencies": [
            "module.vpc.aws_vpc.main-vpc",
            "module.vpc.data.aws_availability_zones.available"
          ]
        },
        {
          "index_key": 1,
          "schema_version": 1,
          "attributes": {
            "arn": "arn:aws:ec2:us-east-1:381492202498:subnet/subnet-0f1fc583f75b7ff9d",
            "assign_ipv6_address_on_creation": false,
            "availability_zone": "us-east-1b",
            "availability_zone_id": "use1-az1",
            "cidr_block": "10.0.1.0/24",
            "customer_owned_ipv4_pool": "",
            "enable_dns64": false,
            "enable_lni_at_device_index": 0,
            "enable_resource_name_dns_a_record_on_launch": false,
            "enable_resource_name_dns_aaaa_record_on_launch": false,
            "id": "subnet-0f1fc583f75b7ff9d",
            "ipv6_cidr_block": "",
            "ipv6_cidr_block_association_id": "",
            "ipv6_native": false,
            "map_customer_owned_ip_on_launch": false,
            "map_public_ip_on_launch": true,
            "outpost_arn": "",
            "owner_id": "381492202498",
            "private_dns_hostname_type_on_launch": "ip-name",
            "tags": {
              "Name": "mybday-subnet-1"
            },
            "tags_all": {
              "Name": "mybday-subnet-1"
            },
            "timeouts": null,
            "vpc_id": "vpc-083e7a844007e290d"
          },
          "sensitive_attributes": [],
          "private": "eyJlMmJmYjczMC1lY2FhLTExZTYtOGY4OC0zNDM2M2JjN2M0YzAiOnsiY3JlYXRlIjo2MDAwMDAwMDAwMDAsImRlbGV0ZSI6MTIwMDAwMDAwMDAwMH0sInNjaGVtYV92ZXJzaW9uIjoiMSJ9",
          "dependencies": [
            "module.vpc.aws_vpc.main-vpc",
            "module.vpc.data.aws_availability_zones.available"
          ]
        }
      ]
    },
    {
      "module": "module.vpc",
      "mode": "managed",
      "type": "aws_vpc",
      "name": "main-vpc",
      "provider": "provider[\"registry.terraform.io/hashicorp/aws\"]",
      "instances": [
        {
          "schema_version": 1,
          "attributes": {
            "arn": "arn:aws:ec2:us-east-1:381492202498:vpc/vpc-083e7a844007e290d",
            "assign_generated_ipv6_cidr_block": false,
            "cidr_block": "10.0.0.0/16",
            "default_network_acl_id": "acl-065fcd2f72f90125f",
            "default_route_table_id": "rtb-017401be3548434de",
            "default_security_group_id": "sg-04d388f52b870b9a5",
            "dhcp_options_id": "dopt-038c7659c026218f9",
            "enable_dns_hostnames": false,
            "enable_dns_support": true,
            "enable_network_address_usage_metrics": false,
            "id": "vpc-083e7a844007e290d",
            "instance_tenancy": "default",
            "ipv4_ipam_pool_id": null,
            "ipv4_netmask_length": null,
            "ipv6_association_id": "",
            "ipv6_cidr_block": "",
            "ipv6_cidr_block_network_border_group": "",
            "ipv6_ipam_pool_id": "",
            "ipv6_netmask_length": 0,
            "main_route_table_id": "rtb-017401be3548434de",
            "owner_id": "381492202498",
            "tags": {
              "Name": "mybday-vpc"
            },
            "tags_all": {
              "Name": "mybday-vpc"
            }
          },
          "sensitive_attributes": [],
          "private": "eyJzY2hlbWFfdmVyc2lvbiI6IjEifQ=="
        }
      ]
    }
  ],
  "check_results": null
}
